# This file was autogenerated by Stack.
# You should not edit this file by hand.
# For more information, please see the documentation at:
#   https://docs.haskellstack.org/en/stable/topics/lock_files

packages: []
snapshots:
- completed:
    sha256: 0045719743bc3f7e7d7f01733865cf1b6ec1d021be96553570ffb4b68db013d4
    size: 653396
    url: https://raw.githubusercontent.com/commercialhaskell/stackage-snapshots/master/nightly/2025/2/13.yaml
  original: nightly-2025-02-13
