# This file was autogenerated by Stack.
# You should not edit this file by hand.
# For more information, please see the documentation at:
#   https://docs.haskellstack.org/en/stable/topics/lock_files

packages: []
snapshots:
- completed:
    sha256: 572b1a7ab116a86dc985d7a1785134d98db792b3087c32c4bce319c8b2c274f2
    size: 675171
    url: https://raw.githubusercontent.com/commercialhaskell/stackage-snapshots/master/nightly/2025/4/6.yaml
  original: nightly-2025-04-06
